
Microsoft Visual Studio Solution File, Format Version 12.00
# Visual Studio 15
VisualStudioVersion = 15.0.28307.271
MinimumVisualStudioVersion = 10.0.40219.1
Project("{8BC9CEB8-8B4A-11D0-8D11-00A0C91BC942}") = "assignment1", "assignment1\assignment1.vcxproj", "{2FA60DA3-C3F5-4626-87C2-12A8371298DD}"
EndProject
Global
	GlobalSection(SolutionConfigurationPlatforms) = preSolution
		Debug|ARM = Debug|ARM
		Debug|ARM64 = Debug|ARM64
		Release|ARM = Release|ARM
		Release|ARM64 = Release|ARM64
	EndGlobalSection
	GlobalSection(ProjectConfigurationPlatforms) = postSolution
		{2FA60DA3-C3F5-4626-87C2-12A8371298DD}.Debug|ARM.ActiveCfg = Debug|ARM
		{2FA60DA3-C3F5-4626-87C2-12A8371298DD}.Debug|ARM.Build.0 = Debug|ARM
		{2FA60DA3-C3F5-4626-87C2-12A8371298DD}.Debug|ARM64.ActiveCfg = Debug|ARM64
		{2FA60DA3-C3F5-4626-87C2-12A8371298DD}.Debug|ARM64.Build.0 = Debug|ARM64
		{2FA60DA3-C3F5-4626-87C2-12A8371298DD}.Release|ARM.ActiveCfg = Release|ARM
		{2FA60DA3-C3F5-4626-87C2-12A8371298DD}.Release|ARM.Build.0 = Release|ARM
		{2FA60DA3-C3F5-4626-87C2-12A8371298DD}.Release|ARM64.ActiveCfg = Release|ARM64
		{2FA60DA3-C3F5-4626-87C2-12A8371298DD}.Release|ARM64.Build.0 = Release|ARM64
	EndGlobalSection
	GlobalSection(SolutionProperties) = preSolution
		HideSolutionNode = FALSE
	EndGlobalSection
	GlobalSection(ExtensibilityGlobals) = postSolution
		SolutionGuid = {E6EFD7D7-72A5-467A-9C1B-C8FC70D5300C}
	EndGlobalSection
EndGlobal
